
Microsoft Visual Studio Solution File, Format Version 12.00
# Visual Studio Version 17
VisualStudioVersion = 17.1.32228.430
MinimumVisualStudioVersion = 10.0.40219.1
Project("{9A19103F-16F7-4668-BE54-9A1E7A4F7556}") = "Books.API", "Books.API\Books.API.csproj", "{DA05B75E-B376-430E-94B8-A412465CB6ED}"
EndProject
Project("{9A19103F-16F7-4668-BE54-9A1E7A4F7556}") = "Books.API.Test", "Books.API.Test\Books.API.Test.csproj", "{DBB3FBD8-280A-4047-A8FB-C437AE850049}"
EndProject
Project("{9A19103F-16F7-4668-BE54-9A1E7A4F7556}") = "Books.WebUI", "Books.WebUI\Books.WebUI.csproj", "{9C88FE71-0345-49E7-9B91-5FBA79AAA02B}"
EndProject
Project("{9A19103F-16F7-4668-BE54-9A1E7A4F7556}") = "Books.Core", "Book.Core\Books.Core.csproj", "{E1C4F37C-5040-4CC9-B0EB-50FD7AA67FFD}"
EndProject
Project("{9A19103F-16F7-4668-BE54-9A1E7A4F7556}") = "Books.Mvc", "Books.Mvc\Books.Mvc.csproj", "{26F02321-5A05-4E92-8E87-577CE52B0C0E}"
EndProject
Project("{9A19103F-16F7-4668-BE54-9A1E7A4F7556}") = "Books.Schedular", "Book.Schedular\Books.Schedular.csproj", "{CA43E798-3B4D-4259-92A9-875B64AED6A1}"
EndProject
Project("{2150E333-8FDC-42A3-9474-1A3956D46DE8}") = "0. Common", "0. Common", "{D25B816A-61C2-4DE4-AD9E-D190685983C8}"
EndProject
Project("{2150E333-8FDC-42A3-9474-1A3956D46DE8}") = "1. BusinessLayer", "1. BusinessLayer", "{8F30DEA2-D293-43E1-B0CA-CFD95844C2A1}"
EndProject
Project("{2150E333-8FDC-42A3-9474-1A3956D46DE8}") = "2. DataLayer", "2. DataLayer", "{D099B94F-07A6-40EA-BDDD-613BC7477470}"
EndProject
Project("{2150E333-8FDC-42A3-9474-1A3956D46DE8}") = "3. Framework", "3. Framework", "{F8D6E51C-C6D1-463D-923D-5EBE78CF642A}"
EndProject
Project("{2150E333-8FDC-42A3-9474-1A3956D46DE8}") = "4. IntegrationTests", "4. IntegrationTests", "{223CCE95-5059-49E0-BCE3-0B0CAD7706CF}"
EndProject
Project("{2150E333-8FDC-42A3-9474-1A3956D46DE8}") = "5. Unit Tests", "5. Unit Tests", "{A8514EC5-7C1F-4E99-B871-9E7765BD386F}"
EndProject
Project("{9A19103F-16F7-4668-BE54-9A1E7A4F7556}") = "Books.Data", "Books.Data\Books.Data.csproj", "{D56D302F-2B9F-4D19-A720-7608187809E7}"
EndProject
Project("{9A19103F-16F7-4668-BE54-9A1E7A4F7556}") = "Books.Data.Model", "Books.Data.Model\Books.Data.Model.csproj", "{DB95FE46-868D-4E6F-9F02-870E40521D6D}"
EndProject
Project("{9A19103F-16F7-4668-BE54-9A1E7A4F7556}") = "Books.Data.Interfaces", "Books.Data.Interfaces\Books.Data.Interfaces.csproj", "{E319255E-2083-46B8-BBC1-9BB5636B0120}"
EndProject
Project("{FAE04EC0-301F-11D3-BF4B-00C04F79EFBC}") = "Books.Business", "Books.Business\Books.Business.csproj", "{6F4D48AF-D4AC-45F2-8115-AA68583EBE76}"
EndProject
Project("{FAE04EC0-301F-11D3-BF4B-00C04F79EFBC}") = "Books.Business.Interfaces", "Books.Business.Interfaces\Books.Business.Interfaces.csproj", "{196BEE1F-7E92-4791-A372-C10E61D2F06B}"
EndProject
Project("{FAE04EC0-301F-11D3-BF4B-00C04F79EFBC}") = "Books.Business.Model", "Books.Business.Model\Books.Business.Model.csproj", "{05B2022B-CDC7-430B-81A1-3DB31F904C06}"
EndProject
Global
	GlobalSection(SolutionConfigurationPlatforms) = preSolution
		Debug|Any CPU = Debug|Any CPU
		Release|Any CPU = Release|Any CPU
	EndGlobalSection
	GlobalSection(ProjectConfigurationPlatforms) = postSolution
		{DA05B75E-B376-430E-94B8-A412465CB6ED}.Debug|Any CPU.ActiveCfg = Debug|Any CPU
		{DA05B75E-B376-430E-94B8-A412465CB6ED}.Debug|Any CPU.Build.0 = Debug|Any CPU
		{DA05B75E-B376-430E-94B8-A412465CB6ED}.Release|Any CPU.ActiveCfg = Release|Any CPU
		{DA05B75E-B376-430E-94B8-A412465CB6ED}.Release|Any CPU.Build.0 = Release|Any CPU
		{DBB3FBD8-280A-4047-A8FB-C437AE850049}.Debug|Any CPU.ActiveCfg = Debug|Any CPU
		{DBB3FBD8-280A-4047-A8FB-C437AE850049}.Debug|Any CPU.Build.0 = Debug|Any CPU
		{DBB3FBD8-280A-4047-A8FB-C437AE850049}.Release|Any CPU.ActiveCfg = Release|Any CPU
		{DBB3FBD8-280A-4047-A8FB-C437AE850049}.Release|Any CPU.Build.0 = Release|Any CPU
		{9C88FE71-0345-49E7-9B91-5FBA79AAA02B}.Debug|Any CPU.ActiveCfg = Debug|Any CPU
		{9C88FE71-0345-49E7-9B91-5FBA79AAA02B}.Debug|Any CPU.Build.0 = Debug|Any CPU
		{9C88FE71-0345-49E7-9B91-5FBA79AAA02B}.Release|Any CPU.ActiveCfg = Release|Any CPU
		{9C88FE71-0345-49E7-9B91-5FBA79AAA02B}.Release|Any CPU.Build.0 = Release|Any CPU
		{E1C4F37C-5040-4CC9-B0EB-50FD7AA67FFD}.Debug|Any CPU.ActiveCfg = Debug|Any CPU
		{E1C4F37C-5040-4CC9-B0EB-50FD7AA67FFD}.Debug|Any CPU.Build.0 = Debug|Any CPU
		{E1C4F37C-5040-4CC9-B0EB-50FD7AA67FFD}.Release|Any CPU.ActiveCfg = Release|Any CPU
		{E1C4F37C-5040-4CC9-B0EB-50FD7AA67FFD}.Release|Any CPU.Build.0 = Release|Any CPU
		{26F02321-5A05-4E92-8E87-577CE52B0C0E}.Debug|Any CPU.ActiveCfg = Debug|Any CPU
		{26F02321-5A05-4E92-8E87-577CE52B0C0E}.Debug|Any CPU.Build.0 = Debug|Any CPU
		{26F02321-5A05-4E92-8E87-577CE52B0C0E}.Release|Any CPU.ActiveCfg = Release|Any CPU
		{26F02321-5A05-4E92-8E87-577CE52B0C0E}.Release|Any CPU.Build.0 = Release|Any CPU
		{CA43E798-3B4D-4259-92A9-875B64AED6A1}.Debug|Any CPU.ActiveCfg = Debug|Any CPU
		{CA43E798-3B4D-4259-92A9-875B64AED6A1}.Debug|Any CPU.Build.0 = Debug|Any CPU
		{CA43E798-3B4D-4259-92A9-875B64AED6A1}.Release|Any CPU.ActiveCfg = Release|Any CPU
		{CA43E798-3B4D-4259-92A9-875B64AED6A1}.Release|Any CPU.Build.0 = Release|Any CPU
		{D56D302F-2B9F-4D19-A720-7608187809E7}.Debug|Any CPU.ActiveCfg = Debug|Any CPU
		{D56D302F-2B9F-4D19-A720-7608187809E7}.Debug|Any CPU.Build.0 = Debug|Any CPU
		{D56D302F-2B9F-4D19-A720-7608187809E7}.Release|Any CPU.ActiveCfg = Release|Any CPU
		{D56D302F-2B9F-4D19-A720-7608187809E7}.Release|Any CPU.Build.0 = Release|Any CPU
		{DB95FE46-868D-4E6F-9F02-870E40521D6D}.Debug|Any CPU.ActiveCfg = Debug|Any CPU
		{DB95FE46-868D-4E6F-9F02-870E40521D6D}.Debug|Any CPU.Build.0 = Debug|Any CPU
		{DB95FE46-868D-4E6F-9F02-870E40521D6D}.Release|Any CPU.ActiveCfg = Release|Any CPU
		{DB95FE46-868D-4E6F-9F02-870E40521D6D}.Release|Any CPU.Build.0 = Release|Any CPU
		{E319255E-2083-46B8-BBC1-9BB5636B0120}.Debug|Any CPU.ActiveCfg = Debug|Any CPU
		{E319255E-2083-46B8-BBC1-9BB5636B0120}.Debug|Any CPU.Build.0 = Debug|Any CPU
		{E319255E-2083-46B8-BBC1-9BB5636B0120}.Release|Any CPU.ActiveCfg = Release|Any CPU
		{E319255E-2083-46B8-BBC1-9BB5636B0120}.Release|Any CPU.Build.0 = Release|Any CPU
		{6F4D48AF-D4AC-45F2-8115-AA68583EBE76}.Debug|Any CPU.ActiveCfg = Debug|Any CPU
		{6F4D48AF-D4AC-45F2-8115-AA68583EBE76}.Debug|Any CPU.Build.0 = Debug|Any CPU
		{6F4D48AF-D4AC-45F2-8115-AA68583EBE76}.Release|Any CPU.ActiveCfg = Release|Any CPU
		{6F4D48AF-D4AC-45F2-8115-AA68583EBE76}.Release|Any CPU.Build.0 = Release|Any CPU
		{196BEE1F-7E92-4791-A372-C10E61D2F06B}.Debug|Any CPU.ActiveCfg = Debug|Any CPU
		{196BEE1F-7E92-4791-A372-C10E61D2F06B}.Debug|Any CPU.Build.0 = Debug|Any CPU
		{196BEE1F-7E92-4791-A372-C10E61D2F06B}.Release|Any CPU.ActiveCfg = Release|Any CPU
		{196BEE1F-7E92-4791-A372-C10E61D2F06B}.Release|Any CPU.Build.0 = Release|Any CPU
		{05B2022B-CDC7-430B-81A1-3DB31F904C06}.Debug|Any CPU.ActiveCfg = Debug|Any CPU
		{05B2022B-CDC7-430B-81A1-3DB31F904C06}.Debug|Any CPU.Build.0 = Debug|Any CPU
		{05B2022B-CDC7-430B-81A1-3DB31F904C06}.Release|Any CPU.ActiveCfg = Release|Any CPU
		{05B2022B-CDC7-430B-81A1-3DB31F904C06}.Release|Any CPU.Build.0 = Release|Any CPU
	EndGlobalSection
	GlobalSection(SolutionProperties) = preSolution
		HideSolutionNode = FALSE
	EndGlobalSection
	GlobalSection(NestedProjects) = preSolution
		{DA05B75E-B376-430E-94B8-A412465CB6ED} = {F8D6E51C-C6D1-463D-923D-5EBE78CF642A}
		{E1C4F37C-5040-4CC9-B0EB-50FD7AA67FFD} = {F8D6E51C-C6D1-463D-923D-5EBE78CF642A}
		{D56D302F-2B9F-4D19-A720-7608187809E7} = {D099B94F-07A6-40EA-BDDD-613BC7477470}
		{DB95FE46-868D-4E6F-9F02-870E40521D6D} = {D099B94F-07A6-40EA-BDDD-613BC7477470}
		{E319255E-2083-46B8-BBC1-9BB5636B0120} = {D099B94F-07A6-40EA-BDDD-613BC7477470}
		{6F4D48AF-D4AC-45F2-8115-AA68583EBE76} = {8F30DEA2-D293-43E1-B0CA-CFD95844C2A1}
		{196BEE1F-7E92-4791-A372-C10E61D2F06B} = {8F30DEA2-D293-43E1-B0CA-CFD95844C2A1}
		{05B2022B-CDC7-430B-81A1-3DB31F904C06} = {8F30DEA2-D293-43E1-B0CA-CFD95844C2A1}
	EndGlobalSection
	GlobalSection(ExtensibilityGlobals) = postSolution
		SolutionGuid = {28F46C29-82B1-43AE-9864-123476EEB80B}
	EndGlobalSection
EndGlobal
